
Microsoft Visual Studio Solution File, Format Version 12.00
# Visual Studio 15
VisualStudioVersion = 15.0.27703.2000
MinimumVisualStudioVersion = 10.0.40219.1
Project("{FAE04EC0-301F-11D3-BF4B-00C04F79EFBC}") = "RSP", "RSP\RSP.csproj", "{CFA275EB-7D9D-4EC9-9068-0480DADED08B}"
EndProject
Global
	GlobalSection(SolutionConfigurationPlatforms) = preSolution
		Debug|Any CPU = Debug|Any CPU
		Release|Any CPU = Release|Any CPU
	EndGlobalSection
	GlobalSection(ProjectConfigurationPlatforms) = postSolution
		{CFA275EB-7D9D-4EC9-9068-0480DADED08B}.Debug|Any CPU.ActiveCfg = Debug|Any CPU
		{CFA275EB-7D9D-4EC9-9068-0480DADED08B}.Debug|Any CPU.Build.0 = Debug|Any CPU
		{CFA275EB-7D9D-4EC9-9068-0480DADED08B}.Release|Any CPU.ActiveCfg = Release|Any CPU
		{CFA275EB-7D9D-4EC9-9068-0480DADED08B}.Release|Any CPU.Build.0 = Release|Any CPU
	EndGlobalSection
	GlobalSection(SolutionProperties) = preSolution
		HideSolutionNode = FALSE
	EndGlobalSection
	GlobalSection(ExtensibilityGlobals) = postSolution
		SolutionGuid = {2734E660-BF87-48B9-A21D-05DEAF3C22F4}
	EndGlobalSection
EndGlobal
