
Microsoft Visual Studio Solution File, Format Version 12.00
# Visual Studio 15
VisualStudioVersion = 15.0.27703.2000
MinimumVisualStudioVersion = 10.0.40219.1
Project("{FAE04EC0-301F-11D3-BF4B-00C04F79EFBC}") = "RSP", "RSP\RSP.csproj", "{CE3FC65F-4F7E-4995-ADCC-813E0D316C9A}"
EndProject
Global
	GlobalSection(SolutionConfigurationPlatforms) = preSolution
		Debug|Any CPU = Debug|Any CPU
		Release|Any CPU = Release|Any CPU
	EndGlobalSection
	GlobalSection(ProjectConfigurationPlatforms) = postSolution
		{CE3FC65F-4F7E-4995-ADCC-813E0D316C9A}.Debug|Any CPU.ActiveCfg = Debug|Any CPU
		{CE3FC65F-4F7E-4995-ADCC-813E0D316C9A}.Debug|Any CPU.Build.0 = Debug|Any CPU
		{CE3FC65F-4F7E-4995-ADCC-813E0D316C9A}.Release|Any CPU.ActiveCfg = Release|Any CPU
		{CE3FC65F-4F7E-4995-ADCC-813E0D316C9A}.Release|Any CPU.Build.0 = Release|Any CPU
	EndGlobalSection
	GlobalSection(SolutionProperties) = preSolution
		HideSolutionNode = FALSE
	EndGlobalSection
	GlobalSection(ExtensibilityGlobals) = postSolution
		SolutionGuid = {8EB746C6-FDC8-4936-A344-2D711A7BB396}
	EndGlobalSection
EndGlobal
